// !$*UTF8*$!
{
	archiveVersion = 1;
	classes = {
	};
	objectVersion = 46;
	objects = {

/* Begin PBXBuildFile section */
		322C41931B3D3B9700734FA5 /* MenuTableView.swift in Sources */ = {isa = PBXBuildFile; fileRef = 322C41921B3D3B9700734FA5 /* MenuTableView.swift */; };
		322C41981B3D406800734FA5 /* MenuTableViewCell.swift in Sources */ = {isa = PBXBuildFile; fileRef = 322C41961B3D406800734FA5 /* MenuTableViewCell.swift */; };
		322C41991B3D406800734FA5 /* MenuTableViewCell.xib in Resources */ = {isa = PBXBuildFile; fileRef = 322C41971B3D406800734FA5 /* MenuTableViewCell.xib */; };
		322C419B1B3D6B8000734FA5 /* ConciergeMenu.swift in Sources */ = {isa = PBXBuildFile; fileRef = 322C419A1B3D6B8000734FA5 /* ConciergeMenu.swift */; };
		322C419D1B3D6C3D00734FA5 /* ConciergeMenuManager.swift in Sources */ = {isa = PBXBuildFile; fileRef = 322C419C1B3D6C3D00734FA5 /* ConciergeMenuManager.swift */; };
		322C419F1B3D78D900734FA5 /* RouteViewController.swift in Sources */ = {isa = PBXBuildFile; fileRef = 322C419E1B3D78D900734FA5 /* RouteViewController.swift */; };
		32858CE51B386EEE007723A7 /* AppDelegate.swift in Sources */ = {isa = PBXBuildFile; fileRef = 32858CE41B386EEE007723A7 /* AppDelegate.swift */; };
		32858CE81B386EEE007723A7 /* MezamashiConcierge.xcdatamodeld in Sources */ = {isa = PBXBuildFile; fileRef = 32858CE61B386EEE007723A7 /* MezamashiConcierge.xcdatamodeld */; };
		32858CEA1B386EEE007723A7 /* ViewController.swift in Sources */ = {isa = PBXBuildFile; fileRef = 32858CE91B386EEE007723A7 /* ViewController.swift */; };
		32858CED1B386EEE007723A7 /* Main.storyboard in Resources */ = {isa = PBXBuildFile; fileRef = 32858CEB1B386EEE007723A7 /* Main.storyboard */; };
		32858CEF1B386EEE007723A7 /* Images.xcassets in Resources */ = {isa = PBXBuildFile; fileRef = 32858CEE1B386EEE007723A7 /* Images.xcassets */; };
		32858CF21B386EEE007723A7 /* LaunchScreen.xib in Resources */ = {isa = PBXBuildFile; fileRef = 32858CF01B386EEE007723A7 /* LaunchScreen.xib */; };
		32858CFE1B386EEE007723A7 /* MezamashiConciergeTests.swift in Sources */ = {isa = PBXBuildFile; fileRef = 32858CFD1B386EEE007723A7 /* MezamashiConciergeTests.swift */; };
		32858D0D1B38F871007723A7 /* UIColor+Extension.swift in Sources */ = {isa = PBXBuildFile; fileRef = 32858D0C1B38F871007723A7 /* UIColor+Extension.swift */; };
		32858D131B390B4C007723A7 /* Model.swift in Sources */ = {isa = PBXBuildFile; fileRef = 32858D121B390B4C007723A7 /* Model.swift */; };
		32858D151B390B6B007723A7 /* User.swift in Sources */ = {isa = PBXBuildFile; fileRef = 32858D141B390B6B007723A7 /* User.swift */; };
		32858D171B390BEA007723A7 /* Alarm.swift in Sources */ = {isa = PBXBuildFile; fileRef = 32858D161B390BEA007723A7 /* Alarm.swift */; };
		32858D191B390C70007723A7 /* ManagerModel.swift in Sources */ = {isa = PBXBuildFile; fileRef = 32858D181B390C70007723A7 /* ManagerModel.swift */; };
		32858D1B1B390C86007723A7 /* AlarmManager.swift in Sources */ = {isa = PBXBuildFile; fileRef = 32858D1A1B390C86007723A7 /* AlarmManager.swift */; };
		32858D1D1B3914EC007723A7 /* UIFont+Extension.swift in Sources */ = {isa = PBXBuildFile; fileRef = 32858D1C1B3914EC007723A7 /* UIFont+Extension.swift */; };
		32858D221B391608007723A7 /* AlarmView.swift in Sources */ = {isa = PBXBuildFile; fileRef = 32858D211B391608007723A7 /* AlarmView.swift */; };
		32858D241B391D1C007723A7 /* ClockView.swift in Sources */ = {isa = PBXBuildFile; fileRef = 32858D231B391D1C007723A7 /* ClockView.swift */; };
		32858D271B3AAEDE007723A7 /* ClockViewModel.swift in Sources */ = {isa = PBXBuildFile; fileRef = 32858D261B3AAEDE007723A7 /* ClockViewModel.swift */; };
		32858D2D1B3AC8DC007723A7 /* MessageView.swift in Sources */ = {isa = PBXBuildFile; fileRef = 32858D2C1B3AC8DC007723A7 /* MessageView.swift */; };
		32858D2F1B3BA302007723A7 /* MessageView.xib in Resources */ = {isa = PBXBuildFile; fileRef = 32858D2E1B3BA302007723A7 /* MessageView.xib */; };
		32858D311B3BA500007723A7 /* Button.swift in Sources */ = {isa = PBXBuildFile; fileRef = 32858D301B3BA500007723A7 /* Button.swift */; };
		32858D331B3BFC94007723A7 /* MessageViewModel.swift in Sources */ = {isa = PBXBuildFile; fileRef = 32858D321B3BFC94007723A7 /* MessageViewModel.swift */; };
		32858D381B3C8004007723A7 /* Devise.swift in Sources */ = {isa = PBXBuildFile; fileRef = 32858D371B3C8004007723A7 /* Devise.swift */; };
		32858D3A1B3CEF5D007723A7 /* CallConciergeView.swift in Sources */ = {isa = PBXBuildFile; fileRef = 32858D391B3CEF5D007723A7 /* CallConciergeView.swift */; };
		32858D3E1B3CF778007723A7 /* handbell@2x.png in Resources */ = {isa = PBXBuildFile; fileRef = 32858D3D1B3CF778007723A7 /* handbell@2x.png */; };
		32858D401B3D2833007723A7 /* NavigationController.swift in Sources */ = {isa = PBXBuildFile; fileRef = 32858D3F1B3D2833007723A7 /* NavigationController.swift */; };
		32858D421B3D300E007723A7 /* ConciergeViewController.swift in Sources */ = {isa = PBXBuildFile; fileRef = 32858D411B3D300E007723A7 /* ConciergeViewController.swift */; };
		4CAA33ABCF0D176CA04D9771 /* Pods_MezamashiConcierge.framework in Frameworks */ = {isa = PBXBuildFile; fileRef = 303844DC96B8BE51BDCC30A5 /* Pods_MezamashiConcierge.framework */; settings = {ATTRIBUTES = (Weak, ); }; };
		8C21BD98B05C8AD257D22B6B /* Pods.framework in Frameworks */ = {isa = PBXBuildFile; fileRef = 49CD9A7F46E3BCBA4ACA2241 /* Pods.framework */; settings = {ATTRIBUTES = (Weak, ); }; };
/* End PBXBuildFile section */

/* Begin PBXContainerItemProxy section */
		32858CF81B386EEE007723A7 /* PBXContainerItemProxy */ = {
			isa = PBXContainerItemProxy;
			containerPortal = 32858CD71B386EEE007723A7 /* Project object */;
			proxyType = 1;
			remoteGlobalIDString = 32858CDE1B386EEE007723A7;
			remoteInfo = MezamashiConcierge;
		};
/* End PBXContainerItemProxy section */

/* Begin PBXFileReference section */
		303844DC96B8BE51BDCC30A5 /* Pods_MezamashiConcierge.framework */ = {isa = PBXFileReference; explicitFileType = wrapper.framework; includeInIndex = 0; path = Pods_MezamashiConcierge.framework; sourceTree = BUILT_PRODUCTS_DIR; };
		322C41921B3D3B9700734FA5 /* MenuTableView.swift */ = {isa = PBXFileReference; fileEncoding = 4; lastKnownFileType = sourcecode.swift; path = MenuTableView.swift; sourceTree = "<group>"; };
		322C41961B3D406800734FA5 /* MenuTableViewCell.swift */ = {isa = PBXFileReference; fileEncoding = 4; lastKnownFileType = sourcecode.swift; path = MenuTableViewCell.swift; sourceTree = "<group>"; };
		322C41971B3D406800734FA5 /* MenuTableViewCell.xib */ = {isa = PBXFileReference; fileEncoding = 4; lastKnownFileType = file.xib; path = MenuTableViewCell.xib; sourceTree = "<group>"; };
		322C419A1B3D6B8000734FA5 /* ConciergeMenu.swift */ = {isa = PBXFileReference; fileEncoding = 4; lastKnownFileType = sourcecode.swift; path = ConciergeMenu.swift; sourceTree = "<group>"; };
		322C419C1B3D6C3D00734FA5 /* ConciergeMenuManager.swift */ = {isa = PBXFileReference; fileEncoding = 4; lastKnownFileType = sourcecode.swift; path = ConciergeMenuManager.swift; sourceTree = "<group>"; };
		322C419E1B3D78D900734FA5 /* RouteViewController.swift */ = {isa = PBXFileReference; fileEncoding = 4; lastKnownFileType = sourcecode.swift; path = RouteViewController.swift; sourceTree = "<group>"; };
		32858CDF1B386EEE007723A7 /* MezamashiConcierge.app */ = {isa = PBXFileReference; explicitFileType = wrapper.application; includeInIndex = 0; path = MezamashiConcierge.app; sourceTree = BUILT_PRODUCTS_DIR; };
		32858CE31B386EEE007723A7 /* Info.plist */ = {isa = PBXFileReference; lastKnownFileType = text.plist.xml; path = Info.plist; sourceTree = "<group>"; };
		32858CE41B386EEE007723A7 /* AppDelegate.swift */ = {isa = PBXFileReference; lastKnownFileType = sourcecode.swift; path = AppDelegate.swift; sourceTree = "<group>"; };
		32858CE71B386EEE007723A7 /* MezamashiConcierge.xcdatamodel */ = {isa = PBXFileReference; lastKnownFileType = wrapper.xcdatamodel; path = MezamashiConcierge.xcdatamodel; sourceTree = "<group>"; };
		32858CE91B386EEE007723A7 /* ViewController.swift */ = {isa = PBXFileReference; lastKnownFileType = sourcecode.swift; path = ViewController.swift; sourceTree = "<group>"; };
		32858CEC1B386EEE007723A7 /* Base */ = {isa = PBXFileReference; lastKnownFileType = file.storyboard; name = Base; path = Base.lproj/Main.storyboard; sourceTree = "<group>"; };
		32858CEE1B386EEE007723A7 /* Images.xcassets */ = {isa = PBXFileReference; lastKnownFileType = folder.assetcatalog; path = Images.xcassets; sourceTree = "<group>"; };
		32858CF11B386EEE007723A7 /* Base */ = {isa = PBXFileReference; lastKnownFileType = file.xib; name = Base; path = Base.lproj/LaunchScreen.xib; sourceTree = "<group>"; };
		32858CF71B386EEE007723A7 /* MezamashiConciergeTests.xctest */ = {isa = PBXFileReference; explicitFileType = wrapper.cfbundle; includeInIndex = 0; path = MezamashiConciergeTests.xctest; sourceTree = BUILT_PRODUCTS_DIR; };
		32858CFC1B386EEE007723A7 /* Info.plist */ = {isa = PBXFileReference; lastKnownFileType = text.plist.xml; path = Info.plist; sourceTree = "<group>"; };
		32858CFD1B386EEE007723A7 /* MezamashiConciergeTests.swift */ = {isa = PBXFileReference; lastKnownFileType = sourcecode.swift; path = MezamashiConciergeTests.swift; sourceTree = "<group>"; };
		32858D0C1B38F871007723A7 /* UIColor+Extension.swift */ = {isa = PBXFileReference; fileEncoding = 4; lastKnownFileType = sourcecode.swift; path = "UIColor+Extension.swift"; sourceTree = "<group>"; };
		32858D121B390B4C007723A7 /* Model.swift */ = {isa = PBXFileReference; fileEncoding = 4; lastKnownFileType = sourcecode.swift; path = Model.swift; sourceTree = "<group>"; };
		32858D141B390B6B007723A7 /* User.swift */ = {isa = PBXFileReference; fileEncoding = 4; lastKnownFileType = sourcecode.swift; path = User.swift; sourceTree = "<group>"; };
		32858D161B390BEA007723A7 /* Alarm.swift */ = {isa = PBXFileReference; fileEncoding = 4; lastKnownFileType = sourcecode.swift; path = Alarm.swift; sourceTree = "<group>"; };
		32858D181B390C70007723A7 /* ManagerModel.swift */ = {isa = PBXFileReference; fileEncoding = 4; lastKnownFileType = sourcecode.swift; path = ManagerModel.swift; sourceTree = "<group>"; };
		32858D1A1B390C86007723A7 /* AlarmManager.swift */ = {isa = PBXFileReference; fileEncoding = 4; lastKnownFileType = sourcecode.swift; path = AlarmManager.swift; sourceTree = "<group>"; };
		32858D1C1B3914EC007723A7 /* UIFont+Extension.swift */ = {isa = PBXFileReference; fileEncoding = 4; lastKnownFileType = sourcecode.swift; path = "UIFont+Extension.swift"; sourceTree = "<group>"; };
		32858D211B391608007723A7 /* AlarmView.swift */ = {isa = PBXFileReference; fileEncoding = 4; lastKnownFileType = sourcecode.swift; path = AlarmView.swift; sourceTree = "<group>"; };
		32858D231B391D1C007723A7 /* ClockView.swift */ = {isa = PBXFileReference; fileEncoding = 4; lastKnownFileType = sourcecode.swift; path = ClockView.swift; sourceTree = "<group>"; };
		32858D261B3AAEDE007723A7 /* ClockViewModel.swift */ = {isa = PBXFileReference; fileEncoding = 4; lastKnownFileType = sourcecode.swift; path = ClockViewModel.swift; sourceTree = "<group>"; };
		32858D2C1B3AC8DC007723A7 /* MessageView.swift */ = {isa = PBXFileReference; fileEncoding = 4; lastKnownFileType = sourcecode.swift; path = MessageView.swift; sourceTree = "<group>"; };
		32858D2E1B3BA302007723A7 /* MessageView.xib */ = {isa = PBXFileReference; fileEncoding = 4; lastKnownFileType = file.xib; path = MessageView.xib; sourceTree = "<group>"; };
		32858D301B3BA500007723A7 /* Button.swift */ = {isa = PBXFileReference; fileEncoding = 4; lastKnownFileType = sourcecode.swift; path = Button.swift; sourceTree = "<group>"; };
		32858D321B3BFC94007723A7 /* MessageViewModel.swift */ = {isa = PBXFileReference; fileEncoding = 4; lastKnownFileType = sourcecode.swift; path = MessageViewModel.swift; sourceTree = "<group>"; };
		32858D371B3C8004007723A7 /* Devise.swift */ = {isa = PBXFileReference; fileEncoding = 4; lastKnownFileType = sourcecode.swift; path = Devise.swift; sourceTree = "<group>"; };
		32858D391B3CEF5D007723A7 /* CallConciergeView.swift */ = {isa = PBXFileReference; fileEncoding = 4; lastKnownFileType = sourcecode.swift; path = CallConciergeView.swift; sourceTree = "<group>"; };
		32858D3D1B3CF778007723A7 /* handbell@2x.png */ = {isa = PBXFileReference; lastKnownFileType = image.png; path = "handbell@2x.png"; sourceTree = "<group>"; };
		32858D3F1B3D2833007723A7 /* NavigationController.swift */ = {isa = PBXFileReference; fileEncoding = 4; lastKnownFileType = sourcecode.swift; path = NavigationController.swift; sourceTree = "<group>"; };
		32858D411B3D300E007723A7 /* ConciergeViewController.swift */ = {isa = PBXFileReference; fileEncoding = 4; lastKnownFileType = sourcecode.swift; path = ConciergeViewController.swift; sourceTree = "<group>"; };
		49CD9A7F46E3BCBA4ACA2241 /* Pods.framework */ = {isa = PBXFileReference; explicitFileType = wrapper.framework; includeInIndex = 0; path = Pods.framework; sourceTree = BUILT_PRODUCTS_DIR; };
		9360F5B5564FBF05A3BE4B23 /* Pods.release.xcconfig */ = {isa = PBXFileReference; includeInIndex = 1; lastKnownFileType = text.xcconfig; name = Pods.release.xcconfig; path = "Pods/Target Support Files/Pods/Pods.release.xcconfig"; sourceTree = "<group>"; };
		C787405927E3D16A9F52FF10 /* Pods.debug.xcconfig */ = {isa = PBXFileReference; includeInIndex = 1; lastKnownFileType = text.xcconfig; name = Pods.debug.xcconfig; path = "Pods/Target Support Files/Pods/Pods.debug.xcconfig"; sourceTree = "<group>"; };
/* End PBXFileReference section */

/* Begin PBXFrameworksBuildPhase section */
		32858CDC1B386EEE007723A7 /* Frameworks */ = {
			isa = PBXFrameworksBuildPhase;
			buildActionMask = 2147483647;
			files = (
				8C21BD98B05C8AD257D22B6B /* Pods.framework in Frameworks */,
				4CAA33ABCF0D176CA04D9771 /* Pods_MezamashiConcierge.framework in Frameworks */,
			);
			runOnlyForDeploymentPostprocessing = 0;
		};
		32858CF41B386EEE007723A7 /* Frameworks */ = {
			isa = PBXFrameworksBuildPhase;
			buildActionMask = 2147483647;
			files = (
			);
			runOnlyForDeploymentPostprocessing = 0;
		};
/* End PBXFrameworksBuildPhase section */

/* Begin PBXGroup section */
		32858CD61B386EEE007723A7 = {
			isa = PBXGroup;
			children = (
				32858CE11B386EEE007723A7 /* MezamashiConcierge */,
				32858CFA1B386EEE007723A7 /* MezamashiConciergeTests */,
				32858CE01B386EEE007723A7 /* Products */,
				76A76D9C3C4631DE26842005 /* Pods */,
				7A0D0DA2301E63FFD6A7A811 /* Frameworks */,
			);
			sourceTree = "<group>";
		};
		32858CE01B386EEE007723A7 /* Products */ = {
			isa = PBXGroup;
			children = (
				32858CDF1B386EEE007723A7 /* MezamashiConcierge.app */,
				32858CF71B386EEE007723A7 /* MezamashiConciergeTests.xctest */,
			);
			name = Products;
			sourceTree = "<group>";
		};
		32858CE11B386EEE007723A7 /* MezamashiConcierge */ = {
			isa = PBXGroup;
			children = (
				32858D0A1B38F5E0007723A7 /* Resources */,
				32858D0B1B38F604007723A7 /* Extension */,
				32858D071B38F540007723A7 /* Application */,
				32858D081B38F549007723A7 /* ViewController */,
				32858D1E1B3915CE007723A7 /* View */,
				32858D251B3AAE89007723A7 /* ViewModel */,
				32858D091B38F5D5007723A7 /* Model */,
				32858D361B3C7FF1007723A7 /* Utility */,
				32858CE21B386EEE007723A7 /* Supporting Files */,
			);
			path = MezamashiConcierge;
			sourceTree = "<group>";
		};
		32858CE21B386EEE007723A7 /* Supporting Files */ = {
			isa = PBXGroup;
			children = (
				32858CE31B386EEE007723A7 /* Info.plist */,
			);
			name = "Supporting Files";
			sourceTree = "<group>";
		};
		32858CFA1B386EEE007723A7 /* MezamashiConciergeTests */ = {
			isa = PBXGroup;
			children = (
				32858CFD1B386EEE007723A7 /* MezamashiConciergeTests.swift */,
				32858CFB1B386EEE007723A7 /* Supporting Files */,
			);
			path = MezamashiConciergeTests;
			sourceTree = "<group>";
		};
		32858CFB1B386EEE007723A7 /* Supporting Files */ = {
			isa = PBXGroup;
			children = (
				32858CFC1B386EEE007723A7 /* Info.plist */,
			);
			name = "Supporting Files";
			sourceTree = "<group>";
		};
		32858D071B38F540007723A7 /* Application */ = {
			isa = PBXGroup;
			children = (
				32858CE41B386EEE007723A7 /* AppDelegate.swift */,
				32858CEB1B386EEE007723A7 /* Main.storyboard */,
				32858CF01B386EEE007723A7 /* LaunchScreen.xib */,
			);
			name = Application;
			sourceTree = "<group>";
		};
		32858D081B38F549007723A7 /* ViewController */ = {
			isa = PBXGroup;
			children = (
				32858CE91B386EEE007723A7 /* ViewController.swift */,
				32858D3F1B3D2833007723A7 /* NavigationController.swift */,
				32858D411B3D300E007723A7 /* ConciergeViewController.swift */,
				322C419E1B3D78D900734FA5 /* RouteViewController.swift */,
			);
			name = ViewController;
			sourceTree = "<group>";
		};
		32858D091B38F5D5007723A7 /* Model */ = {
			isa = PBXGroup;
			children = (
				32858D121B390B4C007723A7 /* Model.swift */,
				32858D181B390C70007723A7 /* ManagerModel.swift */,
				32858D141B390B6B007723A7 /* User.swift */,
				32858D161B390BEA007723A7 /* Alarm.swift */,
				32858D1A1B390C86007723A7 /* AlarmManager.swift */,
				322C419A1B3D6B8000734FA5 /* ConciergeMenu.swift */,
				322C419C1B3D6C3D00734FA5 /* ConciergeMenuManager.swift */,
				32858CE61B386EEE007723A7 /* MezamashiConcierge.xcdatamodeld */,
			);
			name = Model;
			sourceTree = "<group>";
		};
		32858D0A1B38F5E0007723A7 /* Resources */ = {
			isa = PBXGroup;
			children = (
				32858D3D1B3CF778007723A7 /* handbell@2x.png */,
				32858CEE1B386EEE007723A7 /* Images.xcassets */,
			);
			name = Resources;
			sourceTree = "<group>";
		};
		32858D0B1B38F604007723A7 /* Extension */ = {
			isa = PBXGroup;
			children = (
				32858D0C1B38F871007723A7 /* UIColor+Extension.swift */,
				32858D1C1B3914EC007723A7 /* UIFont+Extension.swift */,
			);
			name = Extension;
			sourceTree = "<group>";
		};
		32858D1E1B3915CE007723A7 /* View */ = {
			isa = PBXGroup;
			children = (
				32858D211B391608007723A7 /* AlarmView.swift */,
				32858D231B391D1C007723A7 /* ClockView.swift */,
				32858D2C1B3AC8DC007723A7 /* MessageView.swift */,
				32858D2E1B3BA302007723A7 /* MessageView.xib */,
				32858D301B3BA500007723A7 /* Button.swift */,
				32858D391B3CEF5D007723A7 /* CallConciergeView.swift */,
				322C41921B3D3B9700734FA5 /* MenuTableView.swift */,
				322C41961B3D406800734FA5 /* MenuTableViewCell.swift */,
				322C41971B3D406800734FA5 /* MenuTableViewCell.xib */,
			);
			name = View;
			sourceTree = "<group>";
		};
		32858D251B3AAE89007723A7 /* ViewModel */ = {
			isa = PBXGroup;
			children = (
				32858D261B3AAEDE007723A7 /* ClockViewModel.swift */,
				32858D321B3BFC94007723A7 /* MessageViewModel.swift */,
			);
			name = ViewModel;
			sourceTree = "<group>";
		};
		32858D361B3C7FF1007723A7 /* Utility */ = {
			isa = PBXGroup;
			children = (
				32858D371B3C8004007723A7 /* Devise.swift */,
			);
			name = Utility;
			sourceTree = "<group>";
		};
		76A76D9C3C4631DE26842005 /* Pods */ = {
			isa = PBXGroup;
			children = (
				C787405927E3D16A9F52FF10 /* Pods.debug.xcconfig */,
				9360F5B5564FBF05A3BE4B23 /* Pods.release.xcconfig */,
			);
			name = Pods;
			sourceTree = "<group>";
		};
		7A0D0DA2301E63FFD6A7A811 /* Frameworks */ = {
			isa = PBXGroup;
			children = (
				49CD9A7F46E3BCBA4ACA2241 /* Pods.framework */,
				303844DC96B8BE51BDCC30A5 /* Pods_MezamashiConcierge.framework */,
			);
			name = Frameworks;
			sourceTree = "<group>";
		};
/* End PBXGroup section */

/* Begin PBXNativeTarget section */
		32858CDE1B386EEE007723A7 /* MezamashiConcierge */ = {
			isa = PBXNativeTarget;
			buildConfigurationList = 32858D011B386EEE007723A7 /* Build configuration list for PBXNativeTarget "MezamashiConcierge" */;
			buildPhases = (
				3DB4E3C001C642CC1B01A7D6 /* Check Pods Manifest.lock */,
				32858CDB1B386EEE007723A7 /* Sources */,
				32858CDC1B386EEE007723A7 /* Frameworks */,
				32858CDD1B386EEE007723A7 /* Resources */,
				DEEE5989974E0EDC2EC866A6 /* Embed Pods Frameworks */,
				2E04AC0A1071AB15EE46F1AC /* Copy Pods Resources */,
			);
			buildRules = (
			);
			dependencies = (
			);
			name = MezamashiConcierge;
			productName = MezamashiConcierge;
			productReference = 32858CDF1B386EEE007723A7 /* MezamashiConcierge.app */;
			productType = "com.apple.product-type.application";
		};
		32858CF61B386EEE007723A7 /* MezamashiConciergeTests */ = {
			isa = PBXNativeTarget;
			buildConfigurationList = 32858D041B386EEE007723A7 /* Build configuration list for PBXNativeTarget "MezamashiConciergeTests" */;
			buildPhases = (
				32858CF31B386EEE007723A7 /* Sources */,
				32858CF41B386EEE007723A7 /* Frameworks */,
				32858CF51B386EEE007723A7 /* Resources */,
			);
			buildRules = (
			);
			dependencies = (
				32858CF91B386EEE007723A7 /* PBXTargetDependency */,
			);
			name = MezamashiConciergeTests;
			productName = MezamashiConciergeTests;
			productReference = 32858CF71B386EEE007723A7 /* MezamashiConciergeTests.xctest */;
			productType = "com.apple.product-type.bundle.unit-test";
		};
/* End PBXNativeTarget section */

/* Begin PBXProject section */
		32858CD71B386EEE007723A7 /* Project object */ = {
			isa = PBXProject;
			attributes = {
				LastUpgradeCheck = 0630;
				ORGANIZATIONNAME = "shinbo maiki";
				TargetAttributes = {
					32858CDE1B386EEE007723A7 = {
						CreatedOnToolsVersion = 6.3.1;
					};
					32858CF61B386EEE007723A7 = {
						CreatedOnToolsVersion = 6.3.1;
						TestTargetID = 32858CDE1B386EEE007723A7;
					};
				};
			};
			buildConfigurationList = 32858CDA1B386EEE007723A7 /* Build configuration list for PBXProject "MezamashiConcierge" */;
			compatibilityVersion = "Xcode 3.2";
			developmentRegion = English;
			hasScannedForEncodings = 0;
			knownRegions = (
				en,
				Base,
			);
			mainGroup = 32858CD61B386EEE007723A7;
			productRefGroup = 32858CE01B386EEE007723A7 /* Products */;
			projectDirPath = "";
			projectRoot = "";
			targets = (
				32858CDE1B386EEE007723A7 /* MezamashiConcierge */,
				32858CF61B386EEE007723A7 /* MezamashiConciergeTests */,
			);
		};
/* End PBXProject section */

/* Begin PBXResourcesBuildPhase section */
		32858CDD1B386EEE007723A7 /* Resources */ = {
			isa = PBXResourcesBuildPhase;
			buildActionMask = 2147483647;
			files = (
				322C41991B3D406800734FA5 /* MenuTableViewCell.xib in Resources */,
				32858D2F1B3BA302007723A7 /* MessageView.xib in Resources */,
				32858CED1B386EEE007723A7 /* Main.storyboard in Resources */,
				32858D3E1B3CF778007723A7 /* handbell@2x.png in Resources */,
				32858CF21B386EEE007723A7 /* LaunchScreen.xib in Resources */,
				32858CEF1B386EEE007723A7 /* Images.xcassets in Resources */,
			);
			runOnlyForDeploymentPostprocessing = 0;
		};
		32858CF51B386EEE007723A7 /* Resources */ = {
			isa = PBXResourcesBuildPhase;
			buildActionMask = 2147483647;
			files = (
			);
			runOnlyForDeploymentPostprocessing = 0;
		};
/* End PBXResourcesBuildPhase section */

/* Begin PBXShellScriptBuildPhase section */
		2E04AC0A1071AB15EE46F1AC /* Copy Pods Resources */ = {
			isa = PBXShellScriptBuildPhase;
			buildActionMask = 2147483647;
			files = (
			);
			inputPaths = (
			);
			name = "Copy Pods Resources";
			outputPaths = (
			);
			runOnlyForDeploymentPostprocessing = 0;
			shellPath = /bin/sh;
			shellScript = "\"${SRCROOT}/Pods/Target Support Files/Pods/Pods-resources.sh\"\n";
			showEnvVarsInLog = 0;
		};
		3DB4E3C001C642CC1B01A7D6 /* Check Pods Manifest.lock */ = {
			isa = PBXShellScriptBuildPhase;
			buildActionMask = 2147483647;
			files = (
			);
			inputPaths = (
			);
			name = "Check Pods Manifest.lock";
			outputPaths = (
			);
			runOnlyForDeploymentPostprocessing = 0;
			shellPath = /bin/sh;
			shellScript = "diff \"${PODS_ROOT}/../Podfile.lock\" \"${PODS_ROOT}/Manifest.lock\" > /dev/null\nif [[ $? != 0 ]] ; then\n    cat << EOM\nerror: The sandbox is not in sync with the Podfile.lock. Run 'pod install' or update your CocoaPods installation.\nEOM\n    exit 1\nfi\n";
			showEnvVarsInLog = 0;
		};
		DEEE5989974E0EDC2EC866A6 /* Embed Pods Frameworks */ = {
			isa = PBXShellScriptBuildPhase;
			buildActionMask = 2147483647;
			files = (
			);
			inputPaths = (
			);
			name = "Embed Pods Frameworks";
			outputPaths = (
			);
			runOnlyForDeploymentPostprocessing = 0;
			shellPath = /bin/sh;
			shellScript = "\"${SRCROOT}/Pods/Target Support Files/Pods-MezamashiConcierge/Pods-MezamashiConcierge-frameworks.sh\"\n";
			showEnvVarsInLog = 0;
		};
/* End PBXShellScriptBuildPhase section */

/* Begin PBXSourcesBuildPhase section */
		32858CDB1B386EEE007723A7 /* Sources */ = {
			isa = PBXSourcesBuildPhase;
			buildActionMask = 2147483647;
			files = (
				32858D131B390B4C007723A7 /* Model.swift in Sources */,
				32858D271B3AAEDE007723A7 /* ClockViewModel.swift in Sources */,
				32858D3A1B3CEF5D007723A7 /* CallConciergeView.swift in Sources */,
				32858D331B3BFC94007723A7 /* MessageViewModel.swift in Sources */,
				322C41931B3D3B9700734FA5 /* MenuTableView.swift in Sources */,
				32858D241B391D1C007723A7 /* ClockView.swift in Sources */,
				32858D191B390C70007723A7 /* ManagerModel.swift in Sources */,
				32858D421B3D300E007723A7 /* ConciergeViewController.swift in Sources */,
				32858CEA1B386EEE007723A7 /* ViewController.swift in Sources */,
				32858D151B390B6B007723A7 /* User.swift in Sources */,
				322C41981B3D406800734FA5 /* MenuTableViewCell.swift in Sources */,
				322C419B1B3D6B8000734FA5 /* ConciergeMenu.swift in Sources */,
				32858CE51B386EEE007723A7 /* AppDelegate.swift in Sources */,
				322C419F1B3D78D900734FA5 /* RouteViewController.swift in Sources */,
				32858CE81B386EEE007723A7 /* MezamashiConcierge.xcdatamodeld in Sources */,
				32858D171B390BEA007723A7 /* Alarm.swift in Sources */,
				32858D221B391608007723A7 /* AlarmView.swift in Sources */,
				32858D401B3D2833007723A7 /* NavigationController.swift in Sources */,
				32858D311B3BA500007723A7 /* Button.swift in Sources */,
				32858D0D1B38F871007723A7 /* UIColor+Extension.swift in Sources */,
				32858D1D1B3914EC007723A7 /* UIFont+Extension.swift in Sources */,
				322C419D1B3D6C3D00734FA5 /* ConciergeMenuManager.swift in Sources */,
				32858D2D1B3AC8DC007723A7 /* MessageView.swift in Sources */,
				32858D1B1B390C86007723A7 /* AlarmManager.swift in Sources */,
				32858D381B3C8004007723A7 /* Devise.swift in Sources */,
			);
			runOnlyForDeploymentPostprocessing = 0;
		};
		32858CF31B386EEE007723A7 /* Sources */ = {
			isa = PBXSourcesBuildPhase;
			buildActionMask = 2147483647;
			files = (
				32858CFE1B386EEE007723A7 /* MezamashiConciergeTests.swift in Sources */,
			);
			runOnlyForDeploymentPostprocessing = 0;
		};
/* End PBXSourcesBuildPhase section */

/* Begin PBXTargetDependency section */
		32858CF91B386EEE007723A7 /* PBXTargetDependency */ = {
			isa = PBXTargetDependency;
			target = 32858CDE1B386EEE007723A7 /* MezamashiConcierge */;
			targetProxy = 32858CF81B386EEE007723A7 /* PBXContainerItemProxy */;
		};
/* End PBXTargetDependency section */

/* Begin PBXVariantGroup section */
		32858CEB1B386EEE007723A7 /* Main.storyboard */ = {
			isa = PBXVariantGroup;
			children = (
				32858CEC1B386EEE007723A7 /* Base */,
			);
			name = Main.storyboard;
			sourceTree = "<group>";
		};
		32858CF01B386EEE007723A7 /* LaunchScreen.xib */ = {
			isa = PBXVariantGroup;
			children = (
				32858CF11B386EEE007723A7 /* Base */,
			);
			name = LaunchScreen.xib;
			sourceTree = "<group>";
		};
/* End PBXVariantGroup section */

/* Begin XCBuildConfiguration section */
		32858CFF1B386EEE007723A7 /* Debug */ = {
			isa = XCBuildConfiguration;
			buildSettings = {
				ALWAYS_SEARCH_USER_PATHS = NO;
				CLANG_CXX_LANGUAGE_STANDARD = "gnu++0x";
				CLANG_CXX_LIBRARY = "libc++";
				CLANG_ENABLE_MODULES = YES;
				CLANG_ENABLE_OBJC_ARC = YES;
				CLANG_WARN_BOOL_CONVERSION = YES;
				CLANG_WARN_CONSTANT_CONVERSION = YES;
				CLANG_WARN_DIRECT_OBJC_ISA_USAGE = YES_ERROR;
				CLANG_WARN_EMPTY_BODY = YES;
				CLANG_WARN_ENUM_CONVERSION = YES;
				CLANG_WARN_INT_CONVERSION = YES;
				CLANG_WARN_OBJC_ROOT_CLASS = YES_ERROR;
				CLANG_WARN_UNREACHABLE_CODE = YES;
				CLANG_WARN__DUPLICATE_METHOD_MATCH = YES;
				"CODE_SIGN_IDENTITY[sdk=iphoneos*]" = "iPhone Developer";
				COPY_PHASE_STRIP = NO;
				DEBUG_INFORMATION_FORMAT = "dwarf-with-dsym";
				ENABLE_STRICT_OBJC_MSGSEND = YES;
				GCC_C_LANGUAGE_STANDARD = gnu99;
				GCC_DYNAMIC_NO_PIC = NO;
				GCC_NO_COMMON_BLOCKS = YES;
				GCC_OPTIMIZATION_LEVEL = 0;
				GCC_PREPROCESSOR_DEFINITIONS = (
					"DEBUG=1",
					"$(inherited)",
				);
				GCC_SYMBOLS_PRIVATE_EXTERN = NO;
				GCC_WARN_64_TO_32_BIT_CONVERSION = YES;
				GCC_WARN_ABOUT_RETURN_TYPE = YES_ERROR;
				GCC_WARN_UNDECLARED_SELECTOR = YES;
				GCC_WARN_UNINITIALIZED_AUTOS = YES_AGGRESSIVE;
				GCC_WARN_UNUSED_FUNCTION = YES;
				GCC_WARN_UNUSED_VARIABLE = YES;
				IPHONEOS_DEPLOYMENT_TARGET = 8.3;
				MTL_ENABLE_DEBUG_INFO = YES;
				ONLY_ACTIVE_ARCH = YES;
				SDKROOT = iphoneos;
				SWIFT_OPTIMIZATION_LEVEL = "-Onone";
			};
			name = Debug;
		};
		32858D001B386EEE007723A7 /* Release */ = {
			isa = XCBuildConfiguration;
			buildSettings = {
				ALWAYS_SEARCH_USER_PATHS = NO;
				CLANG_CXX_LANGUAGE_STANDARD = "gnu++0x";
				CLANG_CXX_LIBRARY = "libc++";
				CLANG_ENABLE_MODULES = YES;
				CLANG_ENABLE_OBJC_ARC = YES;
				CLANG_WARN_BOOL_CONVERSION = YES;
				CLANG_WARN_CONSTANT_CONVERSION = YES;
				CLANG_WARN_DIRECT_OBJC_ISA_USAGE = YES_ERROR;
				CLANG_WARN_EMPTY_BODY = YES;
				CLANG_WARN_ENUM_CONVERSION = YES;
				CLANG_WARN_INT_CONVERSION = YES;
				CLANG_WARN_OBJC_ROOT_CLASS = YES_ERROR;
				CLANG_WARN_UNREACHABLE_CODE = YES;
				CLANG_WARN__DUPLICATE_METHOD_MATCH = YES;
				"CODE_SIGN_IDENTITY[sdk=iphoneos*]" = "iPhone Developer";
				COPY_PHASE_STRIP = NO;
				DEBUG_INFORMATION_FORMAT = "dwarf-with-dsym";
				ENABLE_NS_ASSERTIONS = NO;
				ENABLE_STRICT_OBJC_MSGSEND = YES;
				GCC_C_LANGUAGE_STANDARD = gnu99;
				GCC_NO_COMMON_BLOCKS = YES;
				GCC_WARN_64_TO_32_BIT_CONVERSION = YES;
				GCC_WARN_ABOUT_RETURN_TYPE = YES_ERROR;
				GCC_WARN_UNDECLARED_SELECTOR = YES;
				GCC_WARN_UNINITIALIZED_AUTOS = YES_AGGRESSIVE;
				GCC_WARN_UNUSED_FUNCTION = YES;
				GCC_WARN_UNUSED_VARIABLE = YES;
				IPHONEOS_DEPLOYMENT_TARGET = 8.3;
				MTL_ENABLE_DEBUG_INFO = NO;
				SDKROOT = iphoneos;
				VALIDATE_PRODUCT = YES;
			};
			name = Release;
		};
		32858D021B386EEE007723A7 /* Debug */ = {
			isa = XCBuildConfiguration;
			baseConfigurationReference = C787405927E3D16A9F52FF10 /* Pods.debug.xcconfig */;
			buildSettings = {
				ASSETCATALOG_COMPILER_APPICON_NAME = AppIcon;
				INFOPLIST_FILE = MezamashiConcierge/Info.plist;
				LD_RUNPATH_SEARCH_PATHS = "$(inherited) @executable_path/Frameworks";
				PRODUCT_NAME = "$(TARGET_NAME)";
			};
			name = Debug;
		};
		32858D031B386EEE007723A7 /* Release */ = {
			isa = XCBuildConfiguration;
			baseConfigurationReference = 9360F5B5564FBF05A3BE4B23 /* Pods.release.xcconfig */;
			buildSettings = {
				ASSETCATALOG_COMPILER_APPICON_NAME = AppIcon;
				INFOPLIST_FILE = MezamashiConcierge/Info.plist;
				LD_RUNPATH_SEARCH_PATHS = "$(inherited) @executable_path/Frameworks";
				PRODUCT_NAME = "$(TARGET_NAME)";
			};
			name = Release;
		};
		32858D051B386EEE007723A7 /* Debug */ = {
			isa = XCBuildConfiguration;
			buildSettings = {
				BUNDLE_LOADER = "$(TEST_HOST)";
				FRAMEWORK_SEARCH_PATHS = (
					"$(SDKROOT)/Developer/Library/Frameworks",
					"$(inherited)",
				);
				GCC_PREPROCESSOR_DEFINITIONS = (
					"DEBUG=1",
					"$(inherited)",
				);
				INFOPLIST_FILE = MezamashiConciergeTests/Info.plist;
				LD_RUNPATH_SEARCH_PATHS = "$(inherited) @executable_path/Frameworks @loader_path/Frameworks";
				PRODUCT_NAME = "$(TARGET_NAME)";
				TEST_HOST = "$(BUILT_PRODUCTS_DIR)/MezamashiConcierge.app/MezamashiConcierge";
			};
			name = Debug;
		};
		32858D061B386EEE007723A7 /* Release */ = {
			isa = XCBuildConfiguration;
			buildSettings = {
				BUNDLE_LOADER = "$(TEST_HOST)";
				FRAMEWORK_SEARCH_PATHS = (
					"$(SDKROOT)/Developer/Library/Frameworks",
					"$(inherited)",
				);
				INFOPLIST_FILE = MezamashiConciergeTests/Info.plist;
				LD_RUNPATH_SEARCH_PATHS = "$(inherited) @executable_path/Frameworks @loader_path/Frameworks";
				PRODUCT_NAME = "$(TARGET_NAME)";
				TEST_HOST = "$(BUILT_PRODUCTS_DIR)/MezamashiConcierge.app/MezamashiConcierge";
			};
			name = Release;
		};
/* End XCBuildConfiguration section */

/* Begin XCConfigurationList section */
		32858CDA1B386EEE007723A7 /* Build configuration list for PBXProject "MezamashiConcierge" */ = {
			isa = XCConfigurationList;
			buildConfigurations = (
				32858CFF1B386EEE007723A7 /* Debug */,
				32858D001B386EEE007723A7 /* Release */,
			);
			defaultConfigurationIsVisible = 0;
			defaultConfigurationName = Release;
		};
		32858D011B386EEE007723A7 /* Build configuration list for PBXNativeTarget "MezamashiConcierge" */ = {
			isa = XCConfigurationList;
			buildConfigurations = (
				32858D021B386EEE007723A7 /* Debug */,
				32858D031B386EEE007723A7 /* Release */,
			);
			defaultConfigurationIsVisible = 0;
			defaultConfigurationName = Release;
		};
		32858D041B386EEE007723A7 /* Build configuration list for PBXNativeTarget "MezamashiConciergeTests" */ = {
			isa = XCConfigurationList;
			buildConfigurations = (
				32858D051B386EEE007723A7 /* Debug */,
				32858D061B386EEE007723A7 /* Release */,
			);
			defaultConfigurationIsVisible = 0;
			defaultConfigurationName = Release;
		};
/* End XCConfigurationList section */

/* Begin XCVersionGroup section */
		32858CE61B386EEE007723A7 /* MezamashiConcierge.xcdatamodeld */ = {
			isa = XCVersionGroup;
			children = (
				32858CE71B386EEE007723A7 /* MezamashiConcierge.xcdatamodel */,
			);
			currentVersion = 32858CE71B386EEE007723A7 /* MezamashiConcierge.xcdatamodel */;
			path = MezamashiConcierge.xcdatamodeld;
			sourceTree = "<group>";
			versionGroupType = wrapper.xcdatamodel;
		};
/* End XCVersionGroup section */
	};
	rootObject = 32858CD71B386EEE007723A7 /* Project object */;
}
